
Microsoft Visual Studio Solution File, Format Version 12.00
# Visual Studio 2012
Project("{FAE04EC0-301F-11D3-BF4B-00C04F79EFBC}") = "ClickOnceDemo", "ClickOnceDemo\ClickOnceDemo.csproj", "{AEBE75F1-AB1C-42F3-A671-C03609478D5A}"
EndProject
Global
	GlobalSection(SolutionConfigurationPlatforms) = preSolution
		Debug|Any CPU = Debug|Any CPU
		Release|Any CPU = Release|Any CPU
	EndGlobalSection
	GlobalSection(ProjectConfigurationPlatforms) = postSolution
		{AEBE75F1-AB1C-42F3-A671-C03609478D5A}.Debug|Any CPU.ActiveCfg = Debug|Any CPU
		{AEBE75F1-AB1C-42F3-A671-C03609478D5A}.Debug|Any CPU.Build.0 = Debug|Any CPU
		{AEBE75F1-AB1C-42F3-A671-C03609478D5A}.Release|Any CPU.ActiveCfg = Release|Any CPU
		{AEBE75F1-AB1C-42F3-A671-C03609478D5A}.Release|Any CPU.Build.0 = Release|Any CPU
	EndGlobalSection
	GlobalSection(SolutionProperties) = preSolution
		HideSolutionNode = FALSE
	EndGlobalSection
EndGlobal
